
Microsoft Visual Studio Solution File, Format Version 12.00
# Visual Studio Version 17
VisualStudioVersion = 17.0.31410.414
MinimumVisualStudioVersion = 10.0.40219.1
Project("{888888A0-9F3D-457C-B088-3A5042F75D52}") = "PythonHangman", "PythonHangman.pyproj", "{8F0AF4C7-37E7-484F-9F07-F303D197994A}"
EndProject
Global
	GlobalSection(SolutionConfigurationPlatforms) = preSolution
		Debug|Any CPU = Debug|Any CPU
		Release|Any CPU = Release|Any CPU
	EndGlobalSection
	GlobalSection(ProjectConfigurationPlatforms) = postSolution
		{8F0AF4C7-37E7-484F-9F07-F303D197994A}.Debug|Any CPU.ActiveCfg = Debug|Any CPU
		{8F0AF4C7-37E7-484F-9F07-F303D197994A}.Release|Any CPU.ActiveCfg = Release|Any CPU
	EndGlobalSection
	GlobalSection(SolutionProperties) = preSolution
		HideSolutionNode = FALSE
	EndGlobalSection
	GlobalSection(ExtensibilityGlobals) = postSolution
		SolutionGuid = {B58B55E4-C181-4027-A7BE-838E6E62DE2E}
	EndGlobalSection
EndGlobal
